// !$*UTF8*$!
{
	archiveVersion = 1;
	classes = {
	};
	objectVersion = 46;
	objects = {

/* Begin PBXBuildFile section */
		961F67661CA9E0A3005295B4 /* LocationTableVC.swift in Sources */ = {isa = PBXBuildFile; fileRef = 961F67651CA9E0A3005295B4 /* LocationTableVC.swift */; };
		9634EF691CAF061A00997560 /* MapVC.swift in Sources */ = {isa = PBXBuildFile; fileRef = 9634EF681CAF061A00997560 /* MapVC.swift */; };
		9634EF6B1CAF062600997560 /* MapController.swift in Sources */ = {isa = PBXBuildFile; fileRef = 9634EF6A1CAF062600997560 /* MapController.swift */; };
		964647691CADE43700BC9986 /* CurrentLocationTableViewCell.swift in Sources */ = {isa = PBXBuildFile; fileRef = 964647681CADE43700BC9986 /* CurrentLocationTableViewCell.swift */; };
		9646476B1CADE45300BC9986 /* SavedLocationsTableViewCell.swift in Sources */ = {isa = PBXBuildFile; fileRef = 9646476A1CADE45300BC9986 /* SavedLocationsTableViewCell.swift */; };
		96B0D0511CA5B68D0022413B /* Location.swift in Sources */ = {isa = PBXBuildFile; fileRef = 96B0D0501CA5B68D0022413B /* Location.swift */; };
		96C9E8761CA1A8D500ED1E88 /* AppDelegate.swift in Sources */ = {isa = PBXBuildFile; fileRef = 96C9E8751CA1A8D500ED1E88 /* AppDelegate.swift */; };
		96C9E87B1CA1A8D500ED1E88 /* Main.storyboard in Resources */ = {isa = PBXBuildFile; fileRef = 96C9E8791CA1A8D500ED1E88 /* Main.storyboard */; };
		96C9E87D1CA1A8D500ED1E88 /* Assets.xcassets in Resources */ = {isa = PBXBuildFile; fileRef = 96C9E87C1CA1A8D500ED1E88 /* Assets.xcassets */; };
		96C9E8801CA1A8D500ED1E88 /* LaunchScreen.storyboard in Resources */ = {isa = PBXBuildFile; fileRef = 96C9E87E1CA1A8D500ED1E88 /* LaunchScreen.storyboard */; };
		96C9E88A1CA1B24E00ED1E88 /* ForecastTableVC.swift in Sources */ = {isa = PBXBuildFile; fileRef = 96C9E8891CA1B24E00ED1E88 /* ForecastTableVC.swift */; };
		96C9E88C1CA1BEDC00ED1E88 /* Forecast.swift in Sources */ = {isa = PBXBuildFile; fileRef = 96C9E88B1CA1BEDC00ED1E88 /* Forecast.swift */; };
		96C9E88E1CA1BF8D00ED1E88 /* NetworkController.swift in Sources */ = {isa = PBXBuildFile; fileRef = 96C9E88D1CA1BF8D00ED1E88 /* NetworkController.swift */; };
		96C9E8901CA1DD1500ED1E88 /* ForecastController.swift in Sources */ = {isa = PBXBuildFile; fileRef = 96C9E88F1CA1DD1500ED1E88 /* ForecastController.swift */; };
		96C9E8921CA1F11B00ED1E88 /* ForecastTableViewCell.swift in Sources */ = {isa = PBXBuildFile; fileRef = 96C9E8911CA1F11B00ED1E88 /* ForecastTableViewCell.swift */; };
		96CAA4991CAB8F3700EFE1A7 /* ColorPallete.swift in Sources */ = {isa = PBXBuildFile; fileRef = 96CAA4981CAB8F3700EFE1A7 /* ColorPallete.swift */; };
		96CDE2251CA489B700D626B6 /* CurrentWeatherTableViewCell.swift in Sources */ = {isa = PBXBuildFile; fileRef = 96CDE2241CA489B700D626B6 /* CurrentWeatherTableViewCell.swift */; };
		96D588D61CAB0E9800EADFA3 /* LocationController.swift in Sources */ = {isa = PBXBuildFile; fileRef = 96D588D51CAB0E9800EADFA3 /* LocationController.swift */; };
/* End PBXBuildFile section */

/* Begin PBXFileReference section */
		961F67651CA9E0A3005295B4 /* LocationTableVC.swift */ = {isa = PBXFileReference; fileEncoding = 4; lastKnownFileType = sourcecode.swift; path = LocationTableVC.swift; sourceTree = "<group>"; };
		9634EF681CAF061A00997560 /* MapVC.swift */ = {isa = PBXFileReference; fileEncoding = 4; lastKnownFileType = sourcecode.swift; path = MapVC.swift; sourceTree = "<group>"; };
		9634EF6A1CAF062600997560 /* MapController.swift */ = {isa = PBXFileReference; fileEncoding = 4; lastKnownFileType = sourcecode.swift; path = MapController.swift; sourceTree = "<group>"; };
		964647681CADE43700BC9986 /* CurrentLocationTableViewCell.swift */ = {isa = PBXFileReference; fileEncoding = 4; lastKnownFileType = sourcecode.swift; path = CurrentLocationTableViewCell.swift; sourceTree = "<group>"; };
		9646476A1CADE45300BC9986 /* SavedLocationsTableViewCell.swift */ = {isa = PBXFileReference; fileEncoding = 4; lastKnownFileType = sourcecode.swift; name = SavedLocationsTableViewCell.swift; path = ../SavedLocationsTableViewCell.swift; sourceTree = "<group>"; };
		96B0D0501CA5B68D0022413B /* Location.swift */ = {isa = PBXFileReference; fileEncoding = 4; lastKnownFileType = sourcecode.swift; path = Location.swift; sourceTree = "<group>"; };
		96C9E8721CA1A8D500ED1E88 /* NationalWeatherService.app */ = {isa = PBXFileReference; explicitFileType = wrapper.application; includeInIndex = 0; path = NationalWeatherService.app; sourceTree = BUILT_PRODUCTS_DIR; };
		96C9E8751CA1A8D500ED1E88 /* AppDelegate.swift */ = {isa = PBXFileReference; lastKnownFileType = sourcecode.swift; path = AppDelegate.swift; sourceTree = "<group>"; };
		96C9E87A1CA1A8D500ED1E88 /* Base */ = {isa = PBXFileReference; lastKnownFileType = file.storyboard; name = Base; path = Base.lproj/Main.storyboard; sourceTree = "<group>"; };
		96C9E87C1CA1A8D500ED1E88 /* Assets.xcassets */ = {isa = PBXFileReference; lastKnownFileType = folder.assetcatalog; path = Assets.xcassets; sourceTree = "<group>"; };
		96C9E87F1CA1A8D500ED1E88 /* Base */ = {isa = PBXFileReference; lastKnownFileType = file.storyboard; name = Base; path = Base.lproj/LaunchScreen.storyboard; sourceTree = "<group>"; };
		96C9E8811CA1A8D500ED1E88 /* Info.plist */ = {isa = PBXFileReference; lastKnownFileType = text.plist.xml; path = Info.plist; sourceTree = "<group>"; };
		96C9E8891CA1B24E00ED1E88 /* ForecastTableVC.swift */ = {isa = PBXFileReference; fileEncoding = 4; lastKnownFileType = sourcecode.swift; path = ForecastTableVC.swift; sourceTree = "<group>"; };
		96C9E88B1CA1BEDC00ED1E88 /* Forecast.swift */ = {isa = PBXFileReference; fileEncoding = 4; lastKnownFileType = sourcecode.swift; path = Forecast.swift; sourceTree = "<group>"; };
		96C9E88D1CA1BF8D00ED1E88 /* NetworkController.swift */ = {isa = PBXFileReference; fileEncoding = 4; lastKnownFileType = sourcecode.swift; path = NetworkController.swift; sourceTree = "<group>"; };
		96C9E88F1CA1DD1500ED1E88 /* ForecastController.swift */ = {isa = PBXFileReference; fileEncoding = 4; lastKnownFileType = sourcecode.swift; path = ForecastController.swift; sourceTree = "<group>"; };
		96C9E8911CA1F11B00ED1E88 /* ForecastTableViewCell.swift */ = {isa = PBXFileReference; fileEncoding = 4; lastKnownFileType = sourcecode.swift; path = ForecastTableViewCell.swift; sourceTree = "<group>"; };
		96CAA4981CAB8F3700EFE1A7 /* ColorPallete.swift */ = {isa = PBXFileReference; fileEncoding = 4; lastKnownFileType = sourcecode.swift; path = ColorPallete.swift; sourceTree = "<group>"; };
		96CDE2241CA489B700D626B6 /* CurrentWeatherTableViewCell.swift */ = {isa = PBXFileReference; fileEncoding = 4; lastKnownFileType = sourcecode.swift; path = CurrentWeatherTableViewCell.swift; sourceTree = "<group>"; };
		96D588D51CAB0E9800EADFA3 /* LocationController.swift */ = {isa = PBXFileReference; fileEncoding = 4; lastKnownFileType = sourcecode.swift; name = LocationController.swift; path = ../LocationController.swift; sourceTree = "<group>"; };
/* End PBXFileReference section */

/* Begin PBXFrameworksBuildPhase section */
		96C9E86F1CA1A8D500ED1E88 /* Frameworks */ = {
			isa = PBXFrameworksBuildPhase;
			buildActionMask = 2147483647;
			files = (
			);
			runOnlyForDeploymentPostprocessing = 0;
		};
/* End PBXFrameworksBuildPhase section */

/* Begin PBXGroup section */
		96B0D0521CA5B6C70022413B /* Models */ = {
			isa = PBXGroup;
			children = (
				96CAA4981CAB8F3700EFE1A7 /* ColorPallete.swift */,
				96B0D0501CA5B68D0022413B /* Location.swift */,
				96C9E88B1CA1BEDC00ED1E88 /* Forecast.swift */,
			);
			name = Models;
			sourceTree = "<group>";
		};
		96B0D0531CA5B6EF0022413B /* Controllers */ = {
			isa = PBXGroup;
			children = (
				9634EF6A1CAF062600997560 /* MapController.swift */,
				96D588D51CAB0E9800EADFA3 /* LocationController.swift */,
				96C9E88F1CA1DD1500ED1E88 /* ForecastController.swift */,
				96C9E88D1CA1BF8D00ED1E88 /* NetworkController.swift */,
			);
			name = Controllers;
			sourceTree = "<group>";
		};
		96B0D0541CA5B7090022413B /* Views */ = {
			isa = PBXGroup;
			children = (
				9634EF681CAF061A00997560 /* MapVC.swift */,
				961F67651CA9E0A3005295B4 /* LocationTableVC.swift */,
				96C9E8891CA1B24E00ED1E88 /* ForecastTableVC.swift */,
			);
			name = Views;
			sourceTree = "<group>";
		};
		96B0D0551CA5B7170022413B /* Cells */ = {
			isa = PBXGroup;
			children = (
				964647681CADE43700BC9986 /* CurrentLocationTableViewCell.swift */,
				9646476A1CADE45300BC9986 /* SavedLocationsTableViewCell.swift */,
				96CDE2241CA489B700D626B6 /* CurrentWeatherTableViewCell.swift */,
				96C9E8911CA1F11B00ED1E88 /* ForecastTableViewCell.swift */,
			);
			name = Cells;
			sourceTree = "<group>";
		};
		96C9E8691CA1A8D500ED1E88 = {
			isa = PBXGroup;
			children = (
				96C9E8741CA1A8D500ED1E88 /* NationalWeatherService */,
				96C9E8731CA1A8D500ED1E88 /* Products */,
			);
			sourceTree = "<group>";
		};
		96C9E8731CA1A8D500ED1E88 /* Products */ = {
			isa = PBXGroup;
			children = (
				96C9E8721CA1A8D500ED1E88 /* NationalWeatherService.app */,
			);
			name = Products;
			sourceTree = "<group>";
		};
		96C9E8741CA1A8D500ED1E88 /* NationalWeatherService */ = {
			isa = PBXGroup;
			children = (
				96C9E8791CA1A8D500ED1E88 /* Main.storyboard */,
				96B0D0541CA5B7090022413B /* Views */,
				96B0D0551CA5B7170022413B /* Cells */,
				96B0D0531CA5B6EF0022413B /* Controllers */,
				96B0D0521CA5B6C70022413B /* Models */,
				96C9E8751CA1A8D500ED1E88 /* AppDelegate.swift */,
				96C9E87C1CA1A8D500ED1E88 /* Assets.xcassets */,
				96C9E87E1CA1A8D500ED1E88 /* LaunchScreen.storyboard */,
				96C9E8811CA1A8D500ED1E88 /* Info.plist */,
			);
			path = NationalWeatherService;
			sourceTree = "<group>";
		};
/* End PBXGroup section */

/* Begin PBXNativeTarget section */
		96C9E8711CA1A8D500ED1E88 /* NationalWeatherService */ = {
			isa = PBXNativeTarget;
			buildConfigurationList = 96C9E8841CA1A8D500ED1E88 /* Build configuration list for PBXNativeTarget "NationalWeatherService" */;
			buildPhases = (
				96C9E86E1CA1A8D500ED1E88 /* Sources */,
				96C9E86F1CA1A8D500ED1E88 /* Frameworks */,
				96C9E8701CA1A8D500ED1E88 /* Resources */,
			);
			buildRules = (
			);
			dependencies = (
			);
			name = NationalWeatherService;
			productName = NationalWeatherService;
			productReference = 96C9E8721CA1A8D500ED1E88 /* NationalWeatherService.app */;
			productType = "com.apple.product-type.application";
		};
/* End PBXNativeTarget section */

/* Begin PBXProject section */
		96C9E86A1CA1A8D500ED1E88 /* Project object */ = {
			isa = PBXProject;
			attributes = {
				LastSwiftUpdateCheck = 0720;
				LastUpgradeCheck = 0720;
				ORGANIZATIONNAME = "Adam Aldous";
				TargetAttributes = {
					96C9E8711CA1A8D500ED1E88 = {
						CreatedOnToolsVersion = 7.2.1;
					};
				};
			};
			buildConfigurationList = 96C9E86D1CA1A8D500ED1E88 /* Build configuration list for PBXProject "NationalWeatherService" */;
			compatibilityVersion = "Xcode 3.2";
			developmentRegion = English;
			hasScannedForEncodings = 0;
			knownRegions = (
				en,
				Base,
			);
			mainGroup = 96C9E8691CA1A8D500ED1E88;
			productRefGroup = 96C9E8731CA1A8D500ED1E88 /* Products */;
			projectDirPath = "";
			projectRoot = "";
			targets = (
				96C9E8711CA1A8D500ED1E88 /* NationalWeatherService */,
			);
		};
/* End PBXProject section */

/* Begin PBXResourcesBuildPhase section */
		96C9E8701CA1A8D500ED1E88 /* Resources */ = {
			isa = PBXResourcesBuildPhase;
			buildActionMask = 2147483647;
			files = (
				96C9E8801CA1A8D500ED1E88 /* LaunchScreen.storyboard in Resources */,
				96C9E87D1CA1A8D500ED1E88 /* Assets.xcassets in Resources */,
				96C9E87B1CA1A8D500ED1E88 /* Main.storyboard in Resources */,
			);
			runOnlyForDeploymentPostprocessing = 0;
		};
/* End PBXResourcesBuildPhase section */

/* Begin PBXSourcesBuildPhase section */
		96C9E86E1CA1A8D500ED1E88 /* Sources */ = {
			isa = PBXSourcesBuildPhase;
			buildActionMask = 2147483647;
			files = (
				964647691CADE43700BC9986 /* CurrentLocationTableViewCell.swift in Sources */,
				96D588D61CAB0E9800EADFA3 /* LocationController.swift in Sources */,
				96C9E88E1CA1BF8D00ED1E88 /* NetworkController.swift in Sources */,
				96C9E88C1CA1BEDC00ED1E88 /* Forecast.swift in Sources */,
				96CAA4991CAB8F3700EFE1A7 /* ColorPallete.swift in Sources */,
				961F67661CA9E0A3005295B4 /* LocationTableVC.swift in Sources */,
				96C9E8761CA1A8D500ED1E88 /* AppDelegate.swift in Sources */,
				96C9E88A1CA1B24E00ED1E88 /* ForecastTableVC.swift in Sources */,
				96B0D0511CA5B68D0022413B /* Location.swift in Sources */,
				96C9E8921CA1F11B00ED1E88 /* ForecastTableViewCell.swift in Sources */,
				96C9E8901CA1DD1500ED1E88 /* ForecastController.swift in Sources */,
				9634EF691CAF061A00997560 /* MapVC.swift in Sources */,
				96CDE2251CA489B700D626B6 /* CurrentWeatherTableViewCell.swift in Sources */,
				9634EF6B1CAF062600997560 /* MapController.swift in Sources */,
				9646476B1CADE45300BC9986 /* SavedLocationsTableViewCell.swift in Sources */,
			);
			runOnlyForDeploymentPostprocessing = 0;
		};
/* End PBXSourcesBuildPhase section */

/* Begin PBXVariantGroup section */
		96C9E8791CA1A8D500ED1E88 /* Main.storyboard */ = {
			isa = PBXVariantGroup;
			children = (
				96C9E87A1CA1A8D500ED1E88 /* Base */,
			);
			name = Main.storyboard;
			sourceTree = "<group>";
		};
		96C9E87E1CA1A8D500ED1E88 /* LaunchScreen.storyboard */ = {
			isa = PBXVariantGroup;
			children = (
				96C9E87F1CA1A8D500ED1E88 /* Base */,
			);
			name = LaunchScreen.storyboard;
			sourceTree = "<group>";
		};
/* End PBXVariantGroup section */

/* Begin XCBuildConfiguration section */
		96C9E8821CA1A8D500ED1E88 /* Debug */ = {
			isa = XCBuildConfiguration;
			buildSettings = {
				ALWAYS_SEARCH_USER_PATHS = NO;
				CLANG_CXX_LANGUAGE_STANDARD = "gnu++0x";
				CLANG_CXX_LIBRARY = "libc++";
				CLANG_ENABLE_MODULES = YES;
				CLANG_ENABLE_OBJC_ARC = YES;
				CLANG_WARN_BOOL_CONVERSION = YES;
				CLANG_WARN_CONSTANT_CONVERSION = YES;
				CLANG_WARN_DIRECT_OBJC_ISA_USAGE = YES_ERROR;
				CLANG_WARN_EMPTY_BODY = YES;
				CLANG_WARN_ENUM_CONVERSION = YES;
				CLANG_WARN_INT_CONVERSION = YES;
				CLANG_WARN_OBJC_ROOT_CLASS = YES_ERROR;
				CLANG_WARN_UNREACHABLE_CODE = YES;
				CLANG_WARN__DUPLICATE_METHOD_MATCH = YES;
				"CODE_SIGN_IDENTITY[sdk=iphoneos*]" = "iPhone Developer";
				COPY_PHASE_STRIP = NO;
				DEBUG_INFORMATION_FORMAT = dwarf;
				ENABLE_STRICT_OBJC_MSGSEND = YES;
				ENABLE_TESTABILITY = YES;
				GCC_C_LANGUAGE_STANDARD = gnu99;
				GCC_DYNAMIC_NO_PIC = NO;
				GCC_NO_COMMON_BLOCKS = YES;
				GCC_OPTIMIZATION_LEVEL = 0;
				GCC_PREPROCESSOR_DEFINITIONS = (
					"DEBUG=1",
					"$(inherited)",
				);
				GCC_WARN_64_TO_32_BIT_CONVERSION = YES;
				GCC_WARN_ABOUT_RETURN_TYPE = YES_ERROR;
				GCC_WARN_UNDECLARED_SELECTOR = YES;
				GCC_WARN_UNINITIALIZED_AUTOS = YES_AGGRESSIVE;
				GCC_WARN_UNUSED_FUNCTION = YES;
				GCC_WARN_UNUSED_VARIABLE = YES;
				IPHONEOS_DEPLOYMENT_TARGET = 9.2;
				MTL_ENABLE_DEBUG_INFO = YES;
				ONLY_ACTIVE_ARCH = YES;
				SDKROOT = iphoneos;
				SWIFT_OPTIMIZATION_LEVEL = "-Onone";
			};
			name = Debug;
		};
		96C9E8831CA1A8D500ED1E88 /* Release */ = {
			isa = XCBuildConfiguration;
			buildSettings = {
				ALWAYS_SEARCH_USER_PATHS = NO;
				CLANG_CXX_LANGUAGE_STANDARD = "gnu++0x";
				CLANG_CXX_LIBRARY = "libc++";
				CLANG_ENABLE_MODULES = YES;
				CLANG_ENABLE_OBJC_ARC = YES;
				CLANG_WARN_BOOL_CONVERSION = YES;
				CLANG_WARN_CONSTANT_CONVERSION = YES;
				CLANG_WARN_DIRECT_OBJC_ISA_USAGE = YES_ERROR;
				CLANG_WARN_EMPTY_BODY = YES;
				CLANG_WARN_ENUM_CONVERSION = YES;
				CLANG_WARN_INT_CONVERSION = YES;
				CLANG_WARN_OBJC_ROOT_CLASS = YES_ERROR;
				CLANG_WARN_UNREACHABLE_CODE = YES;
				CLANG_WARN__DUPLICATE_METHOD_MATCH = YES;
				"CODE_SIGN_IDENTITY[sdk=iphoneos*]" = "iPhone Developer";
				COPY_PHASE_STRIP = NO;
				DEBUG_INFORMATION_FORMAT = "dwarf-with-dsym";
				ENABLE_NS_ASSERTIONS = NO;
				ENABLE_STRICT_OBJC_MSGSEND = YES;
				GCC_C_LANGUAGE_STANDARD = gnu99;
				GCC_NO_COMMON_BLOCKS = YES;
				GCC_WARN_64_TO_32_BIT_CONVERSION = YES;
				GCC_WARN_ABOUT_RETURN_TYPE = YES_ERROR;
				GCC_WARN_UNDECLARED_SELECTOR = YES;
				GCC_WARN_UNINITIALIZED_AUTOS = YES_AGGRESSIVE;
				GCC_WARN_UNUSED_FUNCTION = YES;
				GCC_WARN_UNUSED_VARIABLE = YES;
				IPHONEOS_DEPLOYMENT_TARGET = 9.2;
				MTL_ENABLE_DEBUG_INFO = NO;
				SDKROOT = iphoneos;
				VALIDATE_PRODUCT = YES;
			};
			name = Release;
		};
		96C9E8851CA1A8D500ED1E88 /* Debug */ = {
			isa = XCBuildConfiguration;
			buildSettings = {
				ASSETCATALOG_COMPILER_APPICON_NAME = AppIcon;
				INFOPLIST_FILE = NationalWeatherService/Info.plist;
				LD_RUNPATH_SEARCH_PATHS = "$(inherited) @executable_path/Frameworks";
				PRODUCT_BUNDLE_IDENTIFIER = com.adamaldous.NationalWeatherService;
				PRODUCT_NAME = "$(TARGET_NAME)";
			};
			name = Debug;
		};
		96C9E8861CA1A8D500ED1E88 /* Release */ = {
			isa = XCBuildConfiguration;
			buildSettings = {
				ASSETCATALOG_COMPILER_APPICON_NAME = AppIcon;
				INFOPLIST_FILE = NationalWeatherService/Info.plist;
				LD_RUNPATH_SEARCH_PATHS = "$(inherited) @executable_path/Frameworks";
				PRODUCT_BUNDLE_IDENTIFIER = com.adamaldous.NationalWeatherService;
				PRODUCT_NAME = "$(TARGET_NAME)";
			};
			name = Release;
		};
/* End XCBuildConfiguration section */

/* Begin XCConfigurationList section */
		96C9E86D1CA1A8D500ED1E88 /* Build configuration list for PBXProject "NationalWeatherService" */ = {
			isa = XCConfigurationList;
			buildConfigurations = (
				96C9E8821CA1A8D500ED1E88 /* Debug */,
				96C9E8831CA1A8D500ED1E88 /* Release */,
			);
			defaultConfigurationIsVisible = 0;
			defaultConfigurationName = Release;
		};
		96C9E8841CA1A8D500ED1E88 /* Build configuration list for PBXNativeTarget "NationalWeatherService" */ = {
			isa = XCConfigurationList;
			buildConfigurations = (
				96C9E8851CA1A8D500ED1E88 /* Debug */,
				96C9E8861CA1A8D500ED1E88 /* Release */,
			);
			defaultConfigurationIsVisible = 0;
			defaultConfigurationName = Release;
		};
/* End XCConfigurationList section */
	};
	rootObject = 96C9E86A1CA1A8D500ED1E88 /* Project object */;
}
